
Microsoft Visual Studio Solution File, Format Version 12.00
# Visual Studio Version 17
VisualStudioVersion = 17.8.34408.163
MinimumVisualStudioVersion = 10.0.40219.1
Project("{FAE04EC0-301F-11D3-BF4B-00C04F79EFBC}") = "WindowsFormsApp1", "WindowsFormsApp1.csproj", "{D934A8D5-AE7D-4E15-905D-82143ABEAD9C}"
EndProject
Global
	GlobalSection(SolutionConfigurationPlatforms) = preSolution
		Debug|Any CPU = Debug|Any CPU
		Release|Any CPU = Release|Any CPU
	EndGlobalSection
	GlobalSection(ProjectConfigurationPlatforms) = postSolution
		{D934A8D5-AE7D-4E15-905D-82143ABEAD9C}.Debug|Any CPU.ActiveCfg = Debug|Any CPU
		{D934A8D5-AE7D-4E15-905D-82143ABEAD9C}.Debug|Any CPU.Build.0 = Debug|Any CPU
		{D934A8D5-AE7D-4E15-905D-82143ABEAD9C}.Release|Any CPU.ActiveCfg = Release|Any CPU
		{D934A8D5-AE7D-4E15-905D-82143ABEAD9C}.Release|Any CPU.Build.0 = Release|Any CPU
	EndGlobalSection
	GlobalSection(SolutionProperties) = preSolution
		HideSolutionNode = FALSE
	EndGlobalSection
	GlobalSection(ExtensibilityGlobals) = postSolution
		SolutionGuid = {2A7F4EDB-071D-46E1-86D9-DCD37CDC00FF}
	EndGlobalSection
EndGlobal
